
Microsoft Visual Studio Solution File, Format Version 12.00
# Visual Studio Version 16
VisualStudioVersion = 16.0.29806.167
MinimumVisualStudioVersion = 10.0.40219.1
Project("{FAE04EC0-301F-11D3-BF4B-00C04F79EFBC}") = "Vqs.Excel", "ExcelUtility\Vqs.Excel.csproj", "{4F7E334E-9B32-41E0-AA60-0ED4CF8FDBA5}"
EndProject
Project("{FAE04EC0-301F-11D3-BF4B-00C04F79EFBC}") = "Vqs.Excel.Test", "ExcelUtility.Test\Vqs.Excel.Test.csproj", "{03EC5FA9-B0DE-49EC-8678-13C9BB263B50}"
EndProject
Global
	GlobalSection(SolutionConfigurationPlatforms) = preSolution
		Debug|Any CPU = Debug|Any CPU
		Release|Any CPU = Release|Any CPU
	EndGlobalSection
	GlobalSection(ProjectConfigurationPlatforms) = postSolution
		{4F7E334E-9B32-41E0-AA60-0ED4CF8FDBA5}.Debug|Any CPU.ActiveCfg = Debug|Any CPU
		{4F7E334E-9B32-41E0-AA60-0ED4CF8FDBA5}.Debug|Any CPU.Build.0 = Debug|Any CPU
		{4F7E334E-9B32-41E0-AA60-0ED4CF8FDBA5}.Release|Any CPU.ActiveCfg = Release|Any CPU
		{4F7E334E-9B32-41E0-AA60-0ED4CF8FDBA5}.Release|Any CPU.Build.0 = Release|Any CPU
		{03EC5FA9-B0DE-49EC-8678-13C9BB263B50}.Debug|Any CPU.ActiveCfg = Debug|Any CPU
		{03EC5FA9-B0DE-49EC-8678-13C9BB263B50}.Debug|Any CPU.Build.0 = Debug|Any CPU
		{03EC5FA9-B0DE-49EC-8678-13C9BB263B50}.Release|Any CPU.ActiveCfg = Release|Any CPU
		{03EC5FA9-B0DE-49EC-8678-13C9BB263B50}.Release|Any CPU.Build.0 = Release|Any CPU
	EndGlobalSection
	GlobalSection(SolutionProperties) = preSolution
		HideSolutionNode = FALSE
	EndGlobalSection
	GlobalSection(ExtensibilityGlobals) = postSolution
		SolutionGuid = {985B5B51-10EC-425B-8EDB-7596D8626532}
	EndGlobalSection
EndGlobal
